<?xml version="1.0" encoding="utf-8"?>
<Project ToolsVersion="16.0" xmlns="http://schemas.microsoft.com/developer/msbuild/2003">
  <ItemGroup>
    <ClCompile Include="D:\github\juliohull\app\TestHull.cpp">
      <Filter>Source Files</Filter>
    </ClCompile>
    <ClCompile Include="D:\github\juliohull\app\FloatMath.cpp">
      <Filter>Source Files</Filter>
    </ClCompile>
    <ClCompile Include="D:\github\juliohull\app\InParser.cpp">
      <Filter>Source Files</Filter>
    </ClCompile>
    <ClCompile Include="D:\github\juliohull\app\wavefront.cpp">
      <Filter>Source Files</Filter>
    </ClCompile>
  </ItemGroup>
  <ItemGroup>
    <CustomBuild Include="D:\github\juliohull\app\CMakeLists.txt" />
  </ItemGroup>
  <ItemGroup>
    <Filter Include="Source Files">
      <UniqueIdentifier>{2E89C449-3BAB-3552-87A9-7914879B1542}</UniqueIdentifier>
    </Filter>
  </ItemGroup>
</Project>
